
Microsoft Visual Studio Solution File, Format Version 12.00
# Visual Studio 15
VisualStudioVersion = 15.0.28307.168
MinimumVisualStudioVersion = 10.0.40219.1
Project("{9A19103F-16F7-4668-BE54-9A1E7A4F7556}") = "ms_vooma_account_and_credit", "ms_vooma_account_and_credit\ms_vooma_account_and_credit.csproj", "{643D0404-7FF6-49AF-A9DC-EB7A3438DAD0}"
EndProject
Global
	GlobalSection(SolutionConfigurationPlatforms) = preSolution
		Debug|Any CPU = Debug|Any CPU
		Release|Any CPU = Release|Any CPU
	EndGlobalSection
	GlobalSection(ProjectConfigurationPlatforms) = postSolution
		{643D0404-7FF6-49AF-A9DC-EB7A3438DAD0}.Debug|Any CPU.ActiveCfg = Debug|Any CPU
		{643D0404-7FF6-49AF-A9DC-EB7A3438DAD0}.Debug|Any CPU.Build.0 = Debug|Any CPU
		{643D0404-7FF6-49AF-A9DC-EB7A3438DAD0}.Release|Any CPU.ActiveCfg = Release|Any CPU
		{643D0404-7FF6-49AF-A9DC-EB7A3438DAD0}.Release|Any CPU.Build.0 = Release|Any CPU
	EndGlobalSection
	GlobalSection(SolutionProperties) = preSolution
		HideSolutionNode = FALSE
	EndGlobalSection
	GlobalSection(ExtensibilityGlobals) = postSolution
		SolutionGuid = {C8CCBE07-5B98-416A-AC3E-1D2EB7756E2C}
	EndGlobalSection
EndGlobal
